
Microsoft Visual Studio Solution File, Format Version 12.00
# Visual Studio 2012
Project("{FAE04EC0-301F-11D3-BF4B-00C04F79EFBC}") = "gol", "gol.csproj", "{BF375534-ABA9-43E6-A1DA-301312544F75}"
EndProject
Global
	GlobalSection(SolutionConfigurationPlatforms) = preSolution
		Debug|Any CPU = Debug|Any CPU
		Release|Any CPU = Release|Any CPU
	EndGlobalSection
	GlobalSection(ProjectConfigurationPlatforms) = postSolution
		{BF375534-ABA9-43E6-A1DA-301312544F75}.Debug|Any CPU.ActiveCfg = Debug|Any CPU
		{BF375534-ABA9-43E6-A1DA-301312544F75}.Debug|Any CPU.Build.0 = Debug|Any CPU
		{BF375534-ABA9-43E6-A1DA-301312544F75}.Release|Any CPU.ActiveCfg = Release|Any CPU
		{BF375534-ABA9-43E6-A1DA-301312544F75}.Release|Any CPU.Build.0 = Release|Any CPU
	EndGlobalSection
	GlobalSection(SolutionProperties) = preSolution
		HideSolutionNode = FALSE
	EndGlobalSection
EndGlobal
